
Microsoft Visual Studio Solution File, Format Version 12.00
Project("{FAE04EC0-301F-11D3-BF4B-00C04F79EFBC}") = "Singleton", "Singleton.csproj", "{30345D9C-6D08-4286-8441-FB4FB0D89906}"
EndProject
Project("{2150E333-8FDC-42A3-9474-1A3956D46DE8}") = "Solution Items", "Solution Items", "{CB7403FB-1B22-42B7-9E70-ECB79C56608D}"
	ProjectSection(SolutionItems) = preProject
		compose.yaml = compose.yaml
	EndProjectSection
EndProject
Global
	GlobalSection(SolutionConfigurationPlatforms) = preSolution
		Debug|Any CPU = Debug|Any CPU
		Release|Any CPU = Release|Any CPU
	EndGlobalSection
	GlobalSection(ProjectConfigurationPlatforms) = postSolution
		{30345D9C-6D08-4286-8441-FB4FB0D89906}.Debug|Any CPU.ActiveCfg = Debug|Any CPU
		{30345D9C-6D08-4286-8441-FB4FB0D89906}.Debug|Any CPU.Build.0 = Debug|Any CPU
		{30345D9C-6D08-4286-8441-FB4FB0D89906}.Release|Any CPU.ActiveCfg = Release|Any CPU
		{30345D9C-6D08-4286-8441-FB4FB0D89906}.Release|Any CPU.Build.0 = Release|Any CPU
	EndGlobalSection
EndGlobal
