
Microsoft Visual Studio Solution File, Format Version 12.00
Project("{FAE04EC0-301F-11D3-BF4B-00C04F79EFBC}") = "Composite", "Composite.csproj", "{A5498FC4-107C-422A-AFD2-ACA9A2E17D45}"
EndProject
Project("{2150E333-8FDC-42A3-9474-1A3956D46DE8}") = "Solution Items", "Solution Items", "{16EEFE65-0B10-4893-9533-5D137C0DEFBE}"
	ProjectSection(SolutionItems) = preProject
		compose.yaml = compose.yaml
	EndProjectSection
EndProject
Global
	GlobalSection(SolutionConfigurationPlatforms) = preSolution
		Debug|Any CPU = Debug|Any CPU
		Release|Any CPU = Release|Any CPU
	EndGlobalSection
	GlobalSection(ProjectConfigurationPlatforms) = postSolution
		{A5498FC4-107C-422A-AFD2-ACA9A2E17D45}.Debug|Any CPU.ActiveCfg = Debug|Any CPU
		{A5498FC4-107C-422A-AFD2-ACA9A2E17D45}.Debug|Any CPU.Build.0 = Debug|Any CPU
		{A5498FC4-107C-422A-AFD2-ACA9A2E17D45}.Release|Any CPU.ActiveCfg = Release|Any CPU
		{A5498FC4-107C-422A-AFD2-ACA9A2E17D45}.Release|Any CPU.Build.0 = Release|Any CPU
	EndGlobalSection
EndGlobal
