
Microsoft Visual Studio Solution File, Format Version 12.00
Project("{FAE04EC0-301F-11D3-BF4B-00C04F79EFBC}") = "FactoryMethod", "FactoryMethod.csproj", "{7D7A26B1-F5EE-4C03-9D45-292F7FC9AB39}"
EndProject
Project("{2150E333-8FDC-42A3-9474-1A3956D46DE8}") = "Solution Items", "Solution Items", "{BE6FEF99-FD49-481E-85EB-C1D1E19CA34D}"
	ProjectSection(SolutionItems) = preProject
		compose.yaml = compose.yaml
	EndProjectSection
EndProject
Global
	GlobalSection(SolutionConfigurationPlatforms) = preSolution
		Debug|Any CPU = Debug|Any CPU
		Release|Any CPU = Release|Any CPU
	EndGlobalSection
	GlobalSection(ProjectConfigurationPlatforms) = postSolution
		{7D7A26B1-F5EE-4C03-9D45-292F7FC9AB39}.Debug|Any CPU.ActiveCfg = Debug|Any CPU
		{7D7A26B1-F5EE-4C03-9D45-292F7FC9AB39}.Debug|Any CPU.Build.0 = Debug|Any CPU
		{7D7A26B1-F5EE-4C03-9D45-292F7FC9AB39}.Release|Any CPU.ActiveCfg = Release|Any CPU
		{7D7A26B1-F5EE-4C03-9D45-292F7FC9AB39}.Release|Any CPU.Build.0 = Release|Any CPU
	EndGlobalSection
EndGlobal
